// !$*UTF8*$!
{
	archiveVersion = 1;
	classes = {
	};
	objectVersion = 56;
	objects = {

/* Begin PBXBuildFile section */
		2B4E7C370BF71BFABCC751AF /* Pods_UnsplashGallery.framework in Frameworks */ = {isa = PBXBuildFile; fileRef = BF85B5AC342C28BAD2B0E760 /* Pods_UnsplashGallery.framework */; };
		58BE6B512AFA430F006A0BDB /* AppCoordinator.swift in Sources */ = {isa = PBXBuildFile; fileRef = 58BE6B502AFA430F006A0BDB /* AppCoordinator.swift */; };
		58BE6B542AFA435E006A0BDB /* UseCasesProvider.swift in Sources */ = {isa = PBXBuildFile; fileRef = 58BE6B532AFA435E006A0BDB /* UseCasesProvider.swift */; };
		58BE6B572AFA4403006A0BDB /* PhotosService.swift in Sources */ = {isa = PBXBuildFile; fileRef = 58BE6B562AFA4403006A0BDB /* PhotosService.swift */; };
		58BE6B5B2AFA4569006A0BDB /* MainCoordinator.swift in Sources */ = {isa = PBXBuildFile; fileRef = 58BE6B5A2AFA4569006A0BDB /* MainCoordinator.swift */; };
		58BE6B632AFA4E08006A0BDB /* R.generated.swift in Sources */ = {isa = PBXBuildFile; fileRef = 58BE6B622AFA4E08006A0BDB /* R.generated.swift */; };
		58BE6B652AFA556D006A0BDB /* Coordinator.swift in Sources */ = {isa = PBXBuildFile; fileRef = 58BE6B642AFA556D006A0BDB /* Coordinator.swift */; };
		58BE6B672AFA55C2006A0BDB /* BaseTabBarVC.swift in Sources */ = {isa = PBXBuildFile; fileRef = 58BE6B662AFA55C2006A0BDB /* BaseTabBarVC.swift */; };
		58BE6B6B2AFA56E5006A0BDB /* HomeCoordinator.swift in Sources */ = {isa = PBXBuildFile; fileRef = 58BE6B6A2AFA56E5006A0BDB /* HomeCoordinator.swift */; };
		58BE6B6D2AFA5881006A0BDB /* Factory.swift in Sources */ = {isa = PBXBuildFile; fileRef = 58BE6B6C2AFA5881006A0BDB /* Factory.swift */; };
		58BE6B6F2AFA58B3006A0BDB /* HomeFactory.swift in Sources */ = {isa = PBXBuildFile; fileRef = 58BE6B6E2AFA58B3006A0BDB /* HomeFactory.swift */; };
		58BE6B712AFA58FD006A0BDB /* BaseFactory.swift in Sources */ = {isa = PBXBuildFile; fileRef = 58BE6B702AFA58FD006A0BDB /* BaseFactory.swift */; };
		58BE6B732AFA592A006A0BDB /* Makeable.swift in Sources */ = {isa = PBXBuildFile; fileRef = 58BE6B722AFA592A006A0BDB /* Makeable.swift */; };
		58BE6B752AFA595C006A0BDB /* UseCasesConsumer.swift in Sources */ = {isa = PBXBuildFile; fileRef = 58BE6B742AFA595C006A0BDB /* UseCasesConsumer.swift */; };
		58BE6B772AFA5A1F006A0BDB /* HomeVC.swift in Sources */ = {isa = PBXBuildFile; fileRef = 58BE6B762AFA5A1F006A0BDB /* HomeVC.swift */; };
		58BE6B792AFA5A33006A0BDB /* Home.storyboard in Resources */ = {isa = PBXBuildFile; fileRef = 58BE6B782AFA5A33006A0BDB /* Home.storyboard */; };
		58BE6B7B2AFA5A65006A0BDB /* HomePresenter.swift in Sources */ = {isa = PBXBuildFile; fileRef = 58BE6B7A2AFA5A65006A0BDB /* HomePresenter.swift */; };
		58BE6B7D2AFA625F006A0BDB /* Platform.swift in Sources */ = {isa = PBXBuildFile; fileRef = 58BE6B7C2AFA625F006A0BDB /* Platform.swift */; };
		58BE6B7F2AFA6681006A0BDB /* FavouriteVC.swift in Sources */ = {isa = PBXBuildFile; fileRef = 58BE6B7E2AFA6681006A0BDB /* FavouriteVC.swift */; };
		58BE6B812AFA669B006A0BDB /* FavouritePresenter.swift in Sources */ = {isa = PBXBuildFile; fileRef = 58BE6B802AFA669B006A0BDB /* FavouritePresenter.swift */; };
		58BE6B832AFA66B1006A0BDB /* FavouriteCoordinator.swift in Sources */ = {isa = PBXBuildFile; fileRef = 58BE6B822AFA66B1006A0BDB /* FavouriteCoordinator.swift */; };
		58BE6B852AFA66CD006A0BDB /* FavouriteFactory.swift in Sources */ = {isa = PBXBuildFile; fileRef = 58BE6B842AFA66CD006A0BDB /* FavouriteFactory.swift */; };
		58BE6B872AFA66DF006A0BDB /* Favourite.storyboard in Resources */ = {isa = PBXBuildFile; fileRef = 58BE6B862AFA66DF006A0BDB /* Favourite.storyboard */; };
		58C7B1612AF974E1003B91D8 /* Assets.xcassets in Resources */ = {isa = PBXBuildFile; fileRef = 58C7B15A2AF974E1003B91D8 /* Assets.xcassets */; };
		58C7B1652AF974E1003B91D8 /* AppDelegate.swift in Sources */ = {isa = PBXBuildFile; fileRef = 58C7B1602AF974E1003B91D8 /* AppDelegate.swift */; };
		58C7B1682AF9750B003B91D8 /* UnsplashGallery.xcdatamodeld in Sources */ = {isa = PBXBuildFile; fileRef = 58C7B1662AF9750B003B91D8 /* UnsplashGallery.xcdatamodeld */; };
/* End PBXBuildFile section */

/* Begin PBXFileReference section */
		0AF0E7F97ED9ABBBCE042DE1 /* Pods-UnsplashGallery.release.xcconfig */ = {isa = PBXFileReference; includeInIndex = 1; lastKnownFileType = text.xcconfig; name = "Pods-UnsplashGallery.release.xcconfig"; path = "Target Support Files/Pods-UnsplashGallery/Pods-UnsplashGallery.release.xcconfig"; sourceTree = "<group>"; };
		58BE6B502AFA430F006A0BDB /* AppCoordinator.swift */ = {isa = PBXFileReference; lastKnownFileType = sourcecode.swift; path = AppCoordinator.swift; sourceTree = "<group>"; };
		58BE6B532AFA435E006A0BDB /* UseCasesProvider.swift */ = {isa = PBXFileReference; lastKnownFileType = sourcecode.swift; path = UseCasesProvider.swift; sourceTree = "<group>"; };
		58BE6B562AFA4403006A0BDB /* PhotosService.swift */ = {isa = PBXFileReference; lastKnownFileType = sourcecode.swift; path = PhotosService.swift; sourceTree = "<group>"; };
		58BE6B5A2AFA4569006A0BDB /* MainCoordinator.swift */ = {isa = PBXFileReference; lastKnownFileType = sourcecode.swift; path = MainCoordinator.swift; sourceTree = "<group>"; };
		58BE6B622AFA4E08006A0BDB /* R.generated.swift */ = {isa = PBXFileReference; fileEncoding = 4; lastKnownFileType = sourcecode.swift; path = R.generated.swift; sourceTree = "<group>"; };
		58BE6B642AFA556D006A0BDB /* Coordinator.swift */ = {isa = PBXFileReference; lastKnownFileType = sourcecode.swift; path = Coordinator.swift; sourceTree = "<group>"; };
		58BE6B662AFA55C2006A0BDB /* BaseTabBarVC.swift */ = {isa = PBXFileReference; lastKnownFileType = sourcecode.swift; path = BaseTabBarVC.swift; sourceTree = "<group>"; };
		58BE6B6A2AFA56E5006A0BDB /* HomeCoordinator.swift */ = {isa = PBXFileReference; lastKnownFileType = sourcecode.swift; path = HomeCoordinator.swift; sourceTree = "<group>"; };
		58BE6B6C2AFA5881006A0BDB /* Factory.swift */ = {isa = PBXFileReference; lastKnownFileType = sourcecode.swift; path = Factory.swift; sourceTree = "<group>"; };
		58BE6B6E2AFA58B3006A0BDB /* HomeFactory.swift */ = {isa = PBXFileReference; lastKnownFileType = sourcecode.swift; path = HomeFactory.swift; sourceTree = "<group>"; };
		58BE6B702AFA58FD006A0BDB /* BaseFactory.swift */ = {isa = PBXFileReference; lastKnownFileType = sourcecode.swift; path = BaseFactory.swift; sourceTree = "<group>"; };
		58BE6B722AFA592A006A0BDB /* Makeable.swift */ = {isa = PBXFileReference; lastKnownFileType = sourcecode.swift; path = Makeable.swift; sourceTree = "<group>"; };
		58BE6B742AFA595C006A0BDB /* UseCasesConsumer.swift */ = {isa = PBXFileReference; lastKnownFileType = sourcecode.swift; path = UseCasesConsumer.swift; sourceTree = "<group>"; };
		58BE6B762AFA5A1F006A0BDB /* HomeVC.swift */ = {isa = PBXFileReference; lastKnownFileType = sourcecode.swift; path = HomeVC.swift; sourceTree = "<group>"; };
		58BE6B782AFA5A33006A0BDB /* Home.storyboard */ = {isa = PBXFileReference; lastKnownFileType = file.storyboard; path = Home.storyboard; sourceTree = "<group>"; };
		58BE6B7A2AFA5A65006A0BDB /* HomePresenter.swift */ = {isa = PBXFileReference; lastKnownFileType = sourcecode.swift; path = HomePresenter.swift; sourceTree = "<group>"; };
		58BE6B7C2AFA625F006A0BDB /* Platform.swift */ = {isa = PBXFileReference; lastKnownFileType = sourcecode.swift; path = Platform.swift; sourceTree = "<group>"; };
		58BE6B7E2AFA6681006A0BDB /* FavouriteVC.swift */ = {isa = PBXFileReference; lastKnownFileType = sourcecode.swift; path = FavouriteVC.swift; sourceTree = "<group>"; };
		58BE6B802AFA669B006A0BDB /* FavouritePresenter.swift */ = {isa = PBXFileReference; lastKnownFileType = sourcecode.swift; path = FavouritePresenter.swift; sourceTree = "<group>"; };
		58BE6B822AFA66B1006A0BDB /* FavouriteCoordinator.swift */ = {isa = PBXFileReference; lastKnownFileType = sourcecode.swift; path = FavouriteCoordinator.swift; sourceTree = "<group>"; };
		58BE6B842AFA66CD006A0BDB /* FavouriteFactory.swift */ = {isa = PBXFileReference; lastKnownFileType = sourcecode.swift; path = FavouriteFactory.swift; sourceTree = "<group>"; };
		58BE6B862AFA66DF006A0BDB /* Favourite.storyboard */ = {isa = PBXFileReference; lastKnownFileType = file.storyboard; path = Favourite.storyboard; sourceTree = "<group>"; };
		58C7B13E2AF971FE003B91D8 /* UnsplashGallery.app */ = {isa = PBXFileReference; explicitFileType = wrapper.application; includeInIndex = 0; path = UnsplashGallery.app; sourceTree = BUILT_PRODUCTS_DIR; };
		58C7B15A2AF974E1003B91D8 /* Assets.xcassets */ = {isa = PBXFileReference; lastKnownFileType = folder.assetcatalog; path = Assets.xcassets; sourceTree = "<group>"; };
		58C7B15F2AF974E1003B91D8 /* Info.plist */ = {isa = PBXFileReference; fileEncoding = 4; lastKnownFileType = text.plist.xml; path = Info.plist; sourceTree = "<group>"; };
		58C7B1602AF974E1003B91D8 /* AppDelegate.swift */ = {isa = PBXFileReference; fileEncoding = 4; lastKnownFileType = sourcecode.swift; path = AppDelegate.swift; sourceTree = "<group>"; };
		58C7B1672AF9750B003B91D8 /* UnsplashGallery.xcdatamodel */ = {isa = PBXFileReference; lastKnownFileType = wrapper.xcdatamodel; path = UnsplashGallery.xcdatamodel; sourceTree = "<group>"; };
		5E4A1360D33C5BEEDE0F97D6 /* Pods-UnsplashGallery.debug.xcconfig */ = {isa = PBXFileReference; includeInIndex = 1; lastKnownFileType = text.xcconfig; name = "Pods-UnsplashGallery.debug.xcconfig"; path = "Target Support Files/Pods-UnsplashGallery/Pods-UnsplashGallery.debug.xcconfig"; sourceTree = "<group>"; };
		BF85B5AC342C28BAD2B0E760 /* Pods_UnsplashGallery.framework */ = {isa = PBXFileReference; explicitFileType = wrapper.framework; includeInIndex = 0; path = Pods_UnsplashGallery.framework; sourceTree = BUILT_PRODUCTS_DIR; };
/* End PBXFileReference section */

/* Begin PBXFrameworksBuildPhase section */
		58C7B13B2AF971FE003B91D8 /* Frameworks */ = {
			isa = PBXFrameworksBuildPhase;
			buildActionMask = 2147483647;
			files = (
				2B4E7C370BF71BFABCC751AF /* Pods_UnsplashGallery.framework in Frameworks */,
			);
			runOnlyForDeploymentPostprocessing = 0;
		};
/* End PBXFrameworksBuildPhase section */

/* Begin PBXGroup section */
		4D1738D6F5C061B784F9C8E9 /* Frameworks */ = {
			isa = PBXGroup;
			children = (
				BF85B5AC342C28BAD2B0E760 /* Pods_UnsplashGallery.framework */,
			);
			name = Frameworks;
			sourceTree = "<group>";
		};
		4D17D7CDCAE9725FA5E8B0CF /* Pods */ = {
			isa = PBXGroup;
			children = (
				5E4A1360D33C5BEEDE0F97D6 /* Pods-UnsplashGallery.debug.xcconfig */,
				0AF0E7F97ED9ABBBCE042DE1 /* Pods-UnsplashGallery.release.xcconfig */,
			);
			path = Pods;
			sourceTree = "<group>";
		};
		58BE6B522AFA433E006A0BDB /* Base */ = {
			isa = PBXGroup;
			children = (
				58BE6B532AFA435E006A0BDB /* UseCasesProvider.swift */,
				58BE6B642AFA556D006A0BDB /* Coordinator.swift */,
				58BE6B662AFA55C2006A0BDB /* BaseTabBarVC.swift */,
				58BE6B6C2AFA5881006A0BDB /* Factory.swift */,
				58BE6B702AFA58FD006A0BDB /* BaseFactory.swift */,
				58BE6B722AFA592A006A0BDB /* Makeable.swift */,
				58BE6B742AFA595C006A0BDB /* UseCasesConsumer.swift */,
			);
			path = Base;
			sourceTree = "<group>";
		};
		58BE6B552AFA43D7006A0BDB /* Services */ = {
			isa = PBXGroup;
			children = (
				58BE6B562AFA4403006A0BDB /* PhotosService.swift */,
				58BE6B7C2AFA625F006A0BDB /* Platform.swift */,
			);
			path = Services;
			sourceTree = "<group>";
		};
		58BE6B582AFA44E7006A0BDB /* Modules */ = {
			isa = PBXGroup;
			children = (
				58BE6B692AFA567D006A0BDB /* Favourite */,
				58BE6B682AFA5672006A0BDB /* Home */,
				58BE6B592AFA4509006A0BDB /* Main */,
			);
			path = Modules;
			sourceTree = "<group>";
		};
		58BE6B592AFA4509006A0BDB /* Main */ = {
			isa = PBXGroup;
			children = (
				58BE6B5A2AFA4569006A0BDB /* MainCoordinator.swift */,
			);
			path = Main;
			sourceTree = "<group>";
		};
		58BE6B5F2AFA4DD8006A0BDB /* Generated */ = {
			isa = PBXGroup;
			children = (
				58BE6B622AFA4E08006A0BDB /* R.generated.swift */,
			);
			path = Generated;
			sourceTree = "<group>";
		};
		58BE6B682AFA5672006A0BDB /* Home */ = {
			isa = PBXGroup;
			children = (
				58BE6B762AFA5A1F006A0BDB /* HomeVC.swift */,
				58BE6B7A2AFA5A65006A0BDB /* HomePresenter.swift */,
				58BE6B6A2AFA56E5006A0BDB /* HomeCoordinator.swift */,
				58BE6B6E2AFA58B3006A0BDB /* HomeFactory.swift */,
				58BE6B782AFA5A33006A0BDB /* Home.storyboard */,
			);
			path = Home;
			sourceTree = "<group>";
		};
		58BE6B692AFA567D006A0BDB /* Favourite */ = {
			isa = PBXGroup;
			children = (
				58BE6B7E2AFA6681006A0BDB /* FavouriteVC.swift */,
				58BE6B802AFA669B006A0BDB /* FavouritePresenter.swift */,
				58BE6B822AFA66B1006A0BDB /* FavouriteCoordinator.swift */,
				58BE6B842AFA66CD006A0BDB /* FavouriteFactory.swift */,
				58BE6B862AFA66DF006A0BDB /* Favourite.storyboard */,
			);
			path = Favourite;
			sourceTree = "<group>";
		};
		58C7B1352AF971FE003B91D8 = {
			isa = PBXGroup;
			children = (
				58C7B1582AF974E1003B91D8 /* Application */,
				58C7B13F2AF971FE003B91D8 /* Products */,
				4D17D7CDCAE9725FA5E8B0CF /* Pods */,
				4D1738D6F5C061B784F9C8E9 /* Frameworks */,
			);
			sourceTree = "<group>";
		};
		58C7B13F2AF971FE003B91D8 /* Products */ = {
			isa = PBXGroup;
			children = (
				58C7B13E2AF971FE003B91D8 /* UnsplashGallery.app */,
			);
			name = Products;
			sourceTree = "<group>";
		};
		58C7B1582AF974E1003B91D8 /* Application */ = {
			isa = PBXGroup;
			children = (
				58C7B1602AF974E1003B91D8 /* AppDelegate.swift */,
				58BE6B502AFA430F006A0BDB /* AppCoordinator.swift */,
				58BE6B582AFA44E7006A0BDB /* Modules */,
				58BE6B522AFA433E006A0BDB /* Base */,
				58C7B1592AF974E1003B91D8 /* Resources */,
				58BE6B552AFA43D7006A0BDB /* Services */,
				58C7B1662AF9750B003B91D8 /* UnsplashGallery.xcdatamodeld */,
			);
			path = Application;
			sourceTree = "<group>";
		};
		58C7B1592AF974E1003B91D8 /* Resources */ = {
			isa = PBXGroup;
			children = (
				58BE6B5F2AFA4DD8006A0BDB /* Generated */,
				58C7B15A2AF974E1003B91D8 /* Assets.xcassets */,
				58C7B15F2AF974E1003B91D8 /* Info.plist */,
			);
			path = Resources;
			sourceTree = "<group>";
		};
/* End PBXGroup section */

/* Begin PBXNativeTarget section */
		58C7B13D2AF971FE003B91D8 /* UnsplashGallery */ = {
			isa = PBXNativeTarget;
			buildConfigurationList = 58C7B1552AF97201003B91D8 /* Build configuration list for PBXNativeTarget "UnsplashGallery" */;
			buildPhases = (
				87CEBF7D56DC295B0049A6C9 /* [CP] Check Pods Manifest.lock */,
				58BE6B5C2AFA4714006A0BDB /* R.swift */,
				58C7B13A2AF971FE003B91D8 /* Sources */,
				58C7B13B2AF971FE003B91D8 /* Frameworks */,
				58C7B13C2AF971FE003B91D8 /* Resources */,
				CB539BD96990DF30B8474E2D /* [CP] Embed Pods Frameworks */,
			);
			buildRules = (
			);
			dependencies = (
			);
			name = UnsplashGallery;
			productName = UnsplashGallery;
			productReference = 58C7B13E2AF971FE003B91D8 /* UnsplashGallery.app */;
			productType = "com.apple.product-type.application";
		};
/* End PBXNativeTarget section */

/* Begin PBXProject section */
		58C7B1362AF971FE003B91D8 /* Project object */ = {
			isa = PBXProject;
			attributes = {
				BuildIndependentTargetsInParallel = 1;
				LastSwiftUpdateCheck = 1430;
				LastUpgradeCheck = 1430;
				TargetAttributes = {
					58C7B13D2AF971FE003B91D8 = {
						CreatedOnToolsVersion = 14.3;
					};
				};
			};
			buildConfigurationList = 58C7B1392AF971FE003B91D8 /* Build configuration list for PBXProject "UnsplashGallery" */;
			compatibilityVersion = "Xcode 14.0";
			developmentRegion = en;
			hasScannedForEncodings = 0;
			knownRegions = (
				en,
				Base,
			);
			mainGroup = 58C7B1352AF971FE003B91D8;
			productRefGroup = 58C7B13F2AF971FE003B91D8 /* Products */;
			projectDirPath = "";
			projectRoot = "";
			targets = (
				58C7B13D2AF971FE003B91D8 /* UnsplashGallery */,
			);
		};
/* End PBXProject section */

/* Begin PBXResourcesBuildPhase section */
		58C7B13C2AF971FE003B91D8 /* Resources */ = {
			isa = PBXResourcesBuildPhase;
			buildActionMask = 2147483647;
			files = (
				58C7B1612AF974E1003B91D8 /* Assets.xcassets in Resources */,
				58BE6B872AFA66DF006A0BDB /* Favourite.storyboard in Resources */,
				58BE6B792AFA5A33006A0BDB /* Home.storyboard in Resources */,
			);
			runOnlyForDeploymentPostprocessing = 0;
		};
/* End PBXResourcesBuildPhase section */

/* Begin PBXShellScriptBuildPhase section */
		58BE6B5C2AFA4714006A0BDB /* R.swift */ = {
			isa = PBXShellScriptBuildPhase;
			alwaysOutOfDate = 1;
			buildActionMask = 2147483647;
			files = (
			);
			inputFileListPaths = (
			);
			inputPaths = (
			);
			name = R.swift;
			outputFileListPaths = (
			);
			outputPaths = (
				$SRCROOT/Application/Resources/Generated/R.generated.swift,
			);
			runOnlyForDeploymentPostprocessing = 0;
			shellPath = /bin/sh;
			shellScript = "\"$PODS_ROOT/R.swift/rswift\" generate \"$SRCROOT/Application/Resources/Generated/R.generated.swift\"\n";
		};
		87CEBF7D56DC295B0049A6C9 /* [CP] Check Pods Manifest.lock */ = {
			isa = PBXShellScriptBuildPhase;
			buildActionMask = 2147483647;
			files = (
			);
			inputFileListPaths = (
			);
			inputPaths = (
				"${PODS_PODFILE_DIR_PATH}/Podfile.lock",
				"${PODS_ROOT}/Manifest.lock",
			);
			name = "[CP] Check Pods Manifest.lock";
			outputFileListPaths = (
			);
			outputPaths = (
				"$(DERIVED_FILE_DIR)/Pods-UnsplashGallery-checkManifestLockResult.txt",
			);
			runOnlyForDeploymentPostprocessing = 0;
			shellPath = /bin/sh;
			shellScript = "diff \"${PODS_PODFILE_DIR_PATH}/Podfile.lock\" \"${PODS_ROOT}/Manifest.lock\" > /dev/null\nif [ $? != 0 ] ; then\n    # print error to STDERR\n    echo \"error: The sandbox is not in sync with the Podfile.lock. Run 'pod install' or update your CocoaPods installation.\" >&2\n    exit 1\nfi\n# This output is used by Xcode 'outputs' to avoid re-running this script phase.\necho \"SUCCESS\" > \"${SCRIPT_OUTPUT_FILE_0}\"\n";
			showEnvVarsInLog = 0;
		};
		CB539BD96990DF30B8474E2D /* [CP] Embed Pods Frameworks */ = {
			isa = PBXShellScriptBuildPhase;
			buildActionMask = 2147483647;
			files = (
			);
			inputFileListPaths = (
				"${PODS_ROOT}/Target Support Files/Pods-UnsplashGallery/Pods-UnsplashGallery-frameworks-${CONFIGURATION}-input-files.xcfilelist",
			);
			name = "[CP] Embed Pods Frameworks";
			outputFileListPaths = (
				"${PODS_ROOT}/Target Support Files/Pods-UnsplashGallery/Pods-UnsplashGallery-frameworks-${CONFIGURATION}-output-files.xcfilelist",
			);
			runOnlyForDeploymentPostprocessing = 0;
			shellPath = /bin/sh;
			shellScript = "\"${PODS_ROOT}/Target Support Files/Pods-UnsplashGallery/Pods-UnsplashGallery-frameworks.sh\"\n";
			showEnvVarsInLog = 0;
		};
/* End PBXShellScriptBuildPhase section */

/* Begin PBXSourcesBuildPhase section */
		58C7B13A2AF971FE003B91D8 /* Sources */ = {
			isa = PBXSourcesBuildPhase;
			buildActionMask = 2147483647;
			files = (
				58BE6B7D2AFA625F006A0BDB /* Platform.swift in Sources */,
				58BE6B652AFA556D006A0BDB /* Coordinator.swift in Sources */,
				58BE6B542AFA435E006A0BDB /* UseCasesProvider.swift in Sources */,
				58BE6B6D2AFA5881006A0BDB /* Factory.swift in Sources */,
				58BE6B672AFA55C2006A0BDB /* BaseTabBarVC.swift in Sources */,
				58BE6B632AFA4E08006A0BDB /* R.generated.swift in Sources */,
				58BE6B6F2AFA58B3006A0BDB /* HomeFactory.swift in Sources */,
				58BE6B7F2AFA6681006A0BDB /* FavouriteVC.swift in Sources */,
				58BE6B852AFA66CD006A0BDB /* FavouriteFactory.swift in Sources */,
				58BE6B5B2AFA4569006A0BDB /* MainCoordinator.swift in Sources */,
				58BE6B732AFA592A006A0BDB /* Makeable.swift in Sources */,
				58BE6B512AFA430F006A0BDB /* AppCoordinator.swift in Sources */,
				58BE6B772AFA5A1F006A0BDB /* HomeVC.swift in Sources */,
				58BE6B752AFA595C006A0BDB /* UseCasesConsumer.swift in Sources */,
				58BE6B7B2AFA5A65006A0BDB /* HomePresenter.swift in Sources */,
				58BE6B832AFA66B1006A0BDB /* FavouriteCoordinator.swift in Sources */,
				58BE6B572AFA4403006A0BDB /* PhotosService.swift in Sources */,
				58BE6B712AFA58FD006A0BDB /* BaseFactory.swift in Sources */,
				58BE6B812AFA669B006A0BDB /* FavouritePresenter.swift in Sources */,
				58BE6B6B2AFA56E5006A0BDB /* HomeCoordinator.swift in Sources */,
				58C7B1682AF9750B003B91D8 /* UnsplashGallery.xcdatamodeld in Sources */,
				58C7B1652AF974E1003B91D8 /* AppDelegate.swift in Sources */,
			);
			runOnlyForDeploymentPostprocessing = 0;
		};
/* End PBXSourcesBuildPhase section */

/* Begin XCBuildConfiguration section */
		58C7B1532AF97201003B91D8 /* Debug */ = {
			isa = XCBuildConfiguration;
			buildSettings = {
				ALWAYS_SEARCH_USER_PATHS = NO;
				CLANG_ANALYZER_NONNULL = YES;
				CLANG_ANALYZER_NUMBER_OBJECT_CONVERSION = YES_AGGRESSIVE;
				CLANG_CXX_LANGUAGE_STANDARD = "gnu++20";
				CLANG_ENABLE_MODULES = YES;
				CLANG_ENABLE_OBJC_ARC = YES;
				CLANG_ENABLE_OBJC_WEAK = YES;
				CLANG_WARN_BLOCK_CAPTURE_AUTORELEASING = YES;
				CLANG_WARN_BOOL_CONVERSION = YES;
				CLANG_WARN_COMMA = YES;
				CLANG_WARN_CONSTANT_CONVERSION = YES;
				CLANG_WARN_DEPRECATED_OBJC_IMPLEMENTATIONS = YES;
				CLANG_WARN_DIRECT_OBJC_ISA_USAGE = YES_ERROR;
				CLANG_WARN_DOCUMENTATION_COMMENTS = YES;
				CLANG_WARN_EMPTY_BODY = YES;
				CLANG_WARN_ENUM_CONVERSION = YES;
				CLANG_WARN_INFINITE_RECURSION = YES;
				CLANG_WARN_INT_CONVERSION = YES;
				CLANG_WARN_NON_LITERAL_NULL_CONVERSION = YES;
				CLANG_WARN_OBJC_IMPLICIT_RETAIN_SELF = YES;
				CLANG_WARN_OBJC_LITERAL_CONVERSION = YES;
				CLANG_WARN_OBJC_ROOT_CLASS = YES_ERROR;
				CLANG_WARN_QUOTED_INCLUDE_IN_FRAMEWORK_HEADER = YES;
				CLANG_WARN_RANGE_LOOP_ANALYSIS = YES;
				CLANG_WARN_STRICT_PROTOTYPES = YES;
				CLANG_WARN_SUSPICIOUS_MOVE = YES;
				CLANG_WARN_UNGUARDED_AVAILABILITY = YES_AGGRESSIVE;
				CLANG_WARN_UNREACHABLE_CODE = YES;
				CLANG_WARN__DUPLICATE_METHOD_MATCH = YES;
				COPY_PHASE_STRIP = NO;
				DEBUG_INFORMATION_FORMAT = dwarf;
				ENABLE_STRICT_OBJC_MSGSEND = YES;
				ENABLE_TESTABILITY = YES;
				GCC_C_LANGUAGE_STANDARD = gnu11;
				GCC_DYNAMIC_NO_PIC = NO;
				GCC_NO_COMMON_BLOCKS = YES;
				GCC_OPTIMIZATION_LEVEL = 0;
				GCC_PREPROCESSOR_DEFINITIONS = (
					"DEBUG=1",
					"$(inherited)",
				);
				GCC_WARN_64_TO_32_BIT_CONVERSION = YES;
				GCC_WARN_ABOUT_RETURN_TYPE = YES_ERROR;
				GCC_WARN_UNDECLARED_SELECTOR = YES;
				GCC_WARN_UNINITIALIZED_AUTOS = YES_AGGRESSIVE;
				GCC_WARN_UNUSED_FUNCTION = YES;
				GCC_WARN_UNUSED_VARIABLE = YES;
				IPHONEOS_DEPLOYMENT_TARGET = 16.4;
				MTL_ENABLE_DEBUG_INFO = INCLUDE_SOURCE;
				MTL_FAST_MATH = YES;
				ONLY_ACTIVE_ARCH = YES;
				SDKROOT = iphoneos;
				SWIFT_ACTIVE_COMPILATION_CONDITIONS = DEBUG;
				SWIFT_OPTIMIZATION_LEVEL = "-Onone";
			};
			name = Debug;
		};
		58C7B1542AF97201003B91D8 /* Release */ = {
			isa = XCBuildConfiguration;
			buildSettings = {
				ALWAYS_SEARCH_USER_PATHS = NO;
				CLANG_ANALYZER_NONNULL = YES;
				CLANG_ANALYZER_NUMBER_OBJECT_CONVERSION = YES_AGGRESSIVE;
				CLANG_CXX_LANGUAGE_STANDARD = "gnu++20";
				CLANG_ENABLE_MODULES = YES;
				CLANG_ENABLE_OBJC_ARC = YES;
				CLANG_ENABLE_OBJC_WEAK = YES;
				CLANG_WARN_BLOCK_CAPTURE_AUTORELEASING = YES;
				CLANG_WARN_BOOL_CONVERSION = YES;
				CLANG_WARN_COMMA = YES;
				CLANG_WARN_CONSTANT_CONVERSION = YES;
				CLANG_WARN_DEPRECATED_OBJC_IMPLEMENTATIONS = YES;
				CLANG_WARN_DIRECT_OBJC_ISA_USAGE = YES_ERROR;
				CLANG_WARN_DOCUMENTATION_COMMENTS = YES;
				CLANG_WARN_EMPTY_BODY = YES;
				CLANG_WARN_ENUM_CONVERSION = YES;
				CLANG_WARN_INFINITE_RECURSION = YES;
				CLANG_WARN_INT_CONVERSION = YES;
				CLANG_WARN_NON_LITERAL_NULL_CONVERSION = YES;
				CLANG_WARN_OBJC_IMPLICIT_RETAIN_SELF = YES;
				CLANG_WARN_OBJC_LITERAL_CONVERSION = YES;
				CLANG_WARN_OBJC_ROOT_CLASS = YES_ERROR;
				CLANG_WARN_QUOTED_INCLUDE_IN_FRAMEWORK_HEADER = YES;
				CLANG_WARN_RANGE_LOOP_ANALYSIS = YES;
				CLANG_WARN_STRICT_PROTOTYPES = YES;
				CLANG_WARN_SUSPICIOUS_MOVE = YES;
				CLANG_WARN_UNGUARDED_AVAILABILITY = YES_AGGRESSIVE;
				CLANG_WARN_UNREACHABLE_CODE = YES;
				CLANG_WARN__DUPLICATE_METHOD_MATCH = YES;
				COPY_PHASE_STRIP = NO;
				DEBUG_INFORMATION_FORMAT = "dwarf-with-dsym";
				ENABLE_NS_ASSERTIONS = NO;
				ENABLE_STRICT_OBJC_MSGSEND = YES;
				GCC_C_LANGUAGE_STANDARD = gnu11;
				GCC_NO_COMMON_BLOCKS = YES;
				GCC_WARN_64_TO_32_BIT_CONVERSION = YES;
				GCC_WARN_ABOUT_RETURN_TYPE = YES_ERROR;
				GCC_WARN_UNDECLARED_SELECTOR = YES;
				GCC_WARN_UNINITIALIZED_AUTOS = YES_AGGRESSIVE;
				GCC_WARN_UNUSED_FUNCTION = YES;
				GCC_WARN_UNUSED_VARIABLE = YES;
				IPHONEOS_DEPLOYMENT_TARGET = 16.4;
				MTL_ENABLE_DEBUG_INFO = NO;
				MTL_FAST_MATH = YES;
				SDKROOT = iphoneos;
				SWIFT_COMPILATION_MODE = wholemodule;
				SWIFT_OPTIMIZATION_LEVEL = "-O";
				VALIDATE_PRODUCT = YES;
			};
			name = Release;
		};
		58C7B1562AF97201003B91D8 /* Debug */ = {
			isa = XCBuildConfiguration;
			baseConfigurationReference = 5E4A1360D33C5BEEDE0F97D6 /* Pods-UnsplashGallery.debug.xcconfig */;
			buildSettings = {
				ASSETCATALOG_COMPILER_APPICON_NAME = AppIcon;
				ASSETCATALOG_COMPILER_GLOBAL_ACCENT_COLOR_NAME = AccentColor;
				CODE_SIGN_STYLE = Automatic;
				CURRENT_PROJECT_VERSION = 1;
				DEVELOPMENT_TEAM = GSJ6GVH9B2;
				GENERATE_INFOPLIST_FILE = YES;
				INFOPLIST_FILE = Application/Resources/Info.plist;
				INFOPLIST_KEY_UIApplicationSupportsIndirectInputEvents = YES;
				INFOPLIST_KEY_UILaunchStoryboardName = LaunchScreen;
				INFOPLIST_KEY_UISupportedInterfaceOrientations = UIInterfaceOrientationPortrait;
				INFOPLIST_KEY_UISupportedInterfaceOrientations_iPad = "UIInterfaceOrientationLandscapeLeft UIInterfaceOrientationLandscapeRight UIInterfaceOrientationPortrait UIInterfaceOrientationPortraitUpsideDown";
				LD_RUNPATH_SEARCH_PATHS = (
					"$(inherited)",
					"@executable_path/Frameworks",
				);
				MARKETING_VERSION = 1.0;
				PRODUCT_BUNDLE_IDENTIFIER = com.Diachenko.UnsplashGallery;
				PRODUCT_NAME = "$(TARGET_NAME)";
				SUPPORTED_PLATFORMS = "iphoneos iphonesimulator";
				SUPPORTS_MACCATALYST = NO;
				SUPPORTS_MAC_DESIGNED_FOR_IPHONE_IPAD = NO;
				SWIFT_EMIT_LOC_STRINGS = YES;
				SWIFT_VERSION = 5.0;
				TARGETED_DEVICE_FAMILY = 1;
			};
			name = Debug;
		};
		58C7B1572AF97201003B91D8 /* Release */ = {
			isa = XCBuildConfiguration;
			baseConfigurationReference = 0AF0E7F97ED9ABBBCE042DE1 /* Pods-UnsplashGallery.release.xcconfig */;
			buildSettings = {
				ASSETCATALOG_COMPILER_APPICON_NAME = AppIcon;
				ASSETCATALOG_COMPILER_GLOBAL_ACCENT_COLOR_NAME = AccentColor;
				CODE_SIGN_STYLE = Automatic;
				CURRENT_PROJECT_VERSION = 1;
				DEVELOPMENT_TEAM = GSJ6GVH9B2;
				GENERATE_INFOPLIST_FILE = YES;
				INFOPLIST_FILE = Application/Resources/Info.plist;
				INFOPLIST_KEY_UIApplicationSupportsIndirectInputEvents = YES;
				INFOPLIST_KEY_UILaunchStoryboardName = LaunchScreen;
				INFOPLIST_KEY_UISupportedInterfaceOrientations = UIInterfaceOrientationPortrait;
				INFOPLIST_KEY_UISupportedInterfaceOrientations_iPad = "UIInterfaceOrientationLandscapeLeft UIInterfaceOrientationLandscapeRight UIInterfaceOrientationPortrait UIInterfaceOrientationPortraitUpsideDown";
				LD_RUNPATH_SEARCH_PATHS = (
					"$(inherited)",
					"@executable_path/Frameworks",
				);
				MARKETING_VERSION = 1.0;
				PRODUCT_BUNDLE_IDENTIFIER = com.Diachenko.UnsplashGallery;
				PRODUCT_NAME = "$(TARGET_NAME)";
				SUPPORTED_PLATFORMS = "iphoneos iphonesimulator";
				SUPPORTS_MACCATALYST = NO;
				SUPPORTS_MAC_DESIGNED_FOR_IPHONE_IPAD = NO;
				SWIFT_EMIT_LOC_STRINGS = YES;
				SWIFT_VERSION = 5.0;
				TARGETED_DEVICE_FAMILY = 1;
			};
			name = Release;
		};
/* End XCBuildConfiguration section */

/* Begin XCConfigurationList section */
		58C7B1392AF971FE003B91D8 /* Build configuration list for PBXProject "UnsplashGallery" */ = {
			isa = XCConfigurationList;
			buildConfigurations = (
				58C7B1532AF97201003B91D8 /* Debug */,
				58C7B1542AF97201003B91D8 /* Release */,
			);
			defaultConfigurationIsVisible = 0;
			defaultConfigurationName = Release;
		};
		58C7B1552AF97201003B91D8 /* Build configuration list for PBXNativeTarget "UnsplashGallery" */ = {
			isa = XCConfigurationList;
			buildConfigurations = (
				58C7B1562AF97201003B91D8 /* Debug */,
				58C7B1572AF97201003B91D8 /* Release */,
			);
			defaultConfigurationIsVisible = 0;
			defaultConfigurationName = Release;
		};
/* End XCConfigurationList section */

/* Begin XCVersionGroup section */
		58C7B1662AF9750B003B91D8 /* UnsplashGallery.xcdatamodeld */ = {
			isa = XCVersionGroup;
			children = (
				58C7B1672AF9750B003B91D8 /* UnsplashGallery.xcdatamodel */,
			);
			currentVersion = 58C7B1672AF9750B003B91D8 /* UnsplashGallery.xcdatamodel */;
			path = UnsplashGallery.xcdatamodeld;
			sourceTree = "<group>";
			versionGroupType = wrapper.xcdatamodel;
		};
/* End XCVersionGroup section */
	};
	rootObject = 58C7B1362AF971FE003B91D8 /* Project object */;
}
